
Microsoft Visual Studio Solution File, Format Version 12.00
Project("{FAE04EC0-301F-11D3-BF4B-00C04F79EFBC}") = "GitÖvning", "GitÖvning\GitÖvning.csproj", "{134C5DEC-DC80-43C8-A408-321BCD0F716C}"
EndProject
Global
	GlobalSection(SolutionConfigurationPlatforms) = preSolution
		Debug|Any CPU = Debug|Any CPU
		Release|Any CPU = Release|Any CPU
	EndGlobalSection
	GlobalSection(ProjectConfigurationPlatforms) = postSolution
		{134C5DEC-DC80-43C8-A408-321BCD0F716C}.Debug|Any CPU.ActiveCfg = Debug|Any CPU
		{134C5DEC-DC80-43C8-A408-321BCD0F716C}.Debug|Any CPU.Build.0 = Debug|Any CPU
		{134C5DEC-DC80-43C8-A408-321BCD0F716C}.Release|Any CPU.ActiveCfg = Release|Any CPU
		{134C5DEC-DC80-43C8-A408-321BCD0F716C}.Release|Any CPU.Build.0 = Release|Any CPU
	EndGlobalSection
EndGlobal
